
Microsoft Visual Studio Solution File, Format Version 12.00
# Visual Studio Version 16
VisualStudioVersion = 16.0.31321.278
MinimumVisualStudioVersion = 10.0.40219.1
Project("{FAE04EC0-301F-11D3-BF4B-00C04F79EFBC}") = "BLL", "BLL\BLL.csproj", "{3E4D1082-86C7-4971-AFBE-21B6BCCF2F83}"
EndProject
Project("{FAE04EC0-301F-11D3-BF4B-00C04F79EFBC}") = "DAL", "DAL\DAL.csproj", "{8ACDB25A-B36B-4C0F-BFF9-A45FF660B7CC}"
EndProject
Project("{FAE04EC0-301F-11D3-BF4B-00C04F79EFBC}") = "Entities", "Entities\Entities.csproj", "{55C8A747-16EF-49D1-A366-D8666A218296}"
EndProject
Project("{FAE04EC0-301F-11D3-BF4B-00C04F79EFBC}") = "Utilities", "Utilities\Utilities.csproj", "{A0D3828E-6FB5-497D-B6B8-CFB08A52DB30}"
EndProject
Project("{FAE04EC0-301F-11D3-BF4B-00C04F79EFBC}") = "WebAPI_NGK", "WebAPI_NGK\WebAPI_NGK.csproj", "{A29ECD35-2831-43E2-A7F1-16B150513B71}"
EndProject
Global
	GlobalSection(SolutionConfigurationPlatforms) = preSolution
		Debug|Any CPU = Debug|Any CPU
		Release|Any CPU = Release|Any CPU
	EndGlobalSection
	GlobalSection(ProjectConfigurationPlatforms) = postSolution
		{3E4D1082-86C7-4971-AFBE-21B6BCCF2F83}.Debug|Any CPU.ActiveCfg = Debug|Any CPU
		{3E4D1082-86C7-4971-AFBE-21B6BCCF2F83}.Debug|Any CPU.Build.0 = Debug|Any CPU
		{3E4D1082-86C7-4971-AFBE-21B6BCCF2F83}.Release|Any CPU.ActiveCfg = Release|Any CPU
		{3E4D1082-86C7-4971-AFBE-21B6BCCF2F83}.Release|Any CPU.Build.0 = Release|Any CPU
		{8ACDB25A-B36B-4C0F-BFF9-A45FF660B7CC}.Debug|Any CPU.ActiveCfg = Debug|Any CPU
		{8ACDB25A-B36B-4C0F-BFF9-A45FF660B7CC}.Debug|Any CPU.Build.0 = Debug|Any CPU
		{8ACDB25A-B36B-4C0F-BFF9-A45FF660B7CC}.Release|Any CPU.ActiveCfg = Release|Any CPU
		{8ACDB25A-B36B-4C0F-BFF9-A45FF660B7CC}.Release|Any CPU.Build.0 = Release|Any CPU
		{55C8A747-16EF-49D1-A366-D8666A218296}.Debug|Any CPU.ActiveCfg = Debug|Any CPU
		{55C8A747-16EF-49D1-A366-D8666A218296}.Debug|Any CPU.Build.0 = Debug|Any CPU
		{55C8A747-16EF-49D1-A366-D8666A218296}.Release|Any CPU.ActiveCfg = Release|Any CPU
		{55C8A747-16EF-49D1-A366-D8666A218296}.Release|Any CPU.Build.0 = Release|Any CPU
		{A0D3828E-6FB5-497D-B6B8-CFB08A52DB30}.Debug|Any CPU.ActiveCfg = Debug|Any CPU
		{A0D3828E-6FB5-497D-B6B8-CFB08A52DB30}.Debug|Any CPU.Build.0 = Debug|Any CPU
		{A0D3828E-6FB5-497D-B6B8-CFB08A52DB30}.Release|Any CPU.ActiveCfg = Release|Any CPU
		{A0D3828E-6FB5-497D-B6B8-CFB08A52DB30}.Release|Any CPU.Build.0 = Release|Any CPU
		{A29ECD35-2831-43E2-A7F1-16B150513B71}.Debug|Any CPU.ActiveCfg = Debug|Any CPU
		{A29ECD35-2831-43E2-A7F1-16B150513B71}.Debug|Any CPU.Build.0 = Debug|Any CPU
		{A29ECD35-2831-43E2-A7F1-16B150513B71}.Release|Any CPU.ActiveCfg = Release|Any CPU
		{A29ECD35-2831-43E2-A7F1-16B150513B71}.Release|Any CPU.Build.0 = Release|Any CPU
	EndGlobalSection
	GlobalSection(SolutionProperties) = preSolution
		HideSolutionNode = FALSE
	EndGlobalSection
	GlobalSection(ExtensibilityGlobals) = postSolution
		SolutionGuid = {9B24B3B4-4B0E-444C-809E-6C0E349CCC77}
	EndGlobalSection
EndGlobal
